# THIS IS AN AUTOGENERATED FILE. DO NOT EDIT THIS FILE DIRECTLY.
# yarn lockfile v1


jssha@^2.3.1:
  version "2.3.1"
  resolved "https://registry.yarnpkg.com/jssha/-/jssha-2.3.1.tgz#147b2125369035ca4b2f7d210dc539f009b3de9a"
  integrity sha1-FHshJTaQNcpLL30hDcU58Amz3po=

lodash@^4.17.15:
  version "4.17.15"
  resolved "https://registry.yarnpkg.com/lodash/-/lodash-4.17.15.tgz#b447f6670a0455bbfeedd11392eff330ea097548"
  integrity sha512-8xOcRHvCjnocdS5cpwXQXVzmmh5e5+saE2QGoeQmbKmRS6J3VQppPOIt0MnmE+4xlZoumy0GPG0D0MVIQbNA1A==
